{
  "version": 4,
  "terraform_version": "0.13.1",
  "serial": 25,
  "lineage": "7ed23cb7-6bf7-8534-10db-db83f97b7d94",
  "outputs": {
    "example": {
      "value": "test",
      "type": "string"
    },
    "example2": {
      "value": "test",
      "type": "string"
    },
    "example_list": {
      "value": [
        "test"
      ],
      "type": [
        "list",
        "string"
      ]
    },
    "example_map": {
      "value": {
        "expected": "test"
      },
      "type": [
        "map",
        "string"
      ]
    }
  },
  "resources": [
    {
      "mode": "managed",
      "type": "local_file",
      "name": "example",
      "provider": "provider[\"registry.terraform.io/hashicorp/local\"]",
      "instances": [
        {
          "schema_version": 0,
          "attributes": {
            "content": "test + test",
            "content_base64": null,
            "content_base64sha256": "sqFbsGIbVxFDk8DU0kmoXCyFUMZLSa4hUvDVpoR5unQ=",
            "content_base64sha512": "qjgeGmwsluil0zjtevOqcsin5S54uevb5Ac1L7qbVgCi0QUIxD8OViCa6fOsE8T+olVxQpdcuuSO/P7rlzzsyQ==",
            "content_md5": "dd0b4f04c1757f805ee462a83ac5e57b",
            "content_sha1": "91dce2a64ab5d2abaeb58e8acbbdc71257ef5e3a",
            "content_sha256": "b2a15bb0621b57114393c0d4d249a85c2c8550c64b49ae2152f0d5a68479ba74",
            "content_sha512": "aa381e1a6c2c96e8a5d338ed7af3aa72c8a7e52e78b9ebdbe407352fba9b5600a2d10508c43f0e56209ae9f3ac13c4fea2557142975cbae48efcfeeb973cecc9",
            "directory_permission": "0777",
            "file_permission": "0777",
            "filename": "example.txt",
            "id": "91dce2a64ab5d2abaeb58e8acbbdc71257ef5e3a",
            "sensitive_content": null,
            "source": null
          }
        }
      ]
    },
    {
      "mode": "managed",
      "type": "local_file",
      "name": "example2",
      "provider": "provider[\"registry.terraform.io/hashicorp/local\"]",
      "instances": [
        {
          "schema_version": 0,
          "attributes": {
            "content": "test",
            "content_base64": null,
            "content_base64sha256": "n4bQgYhMfWWaL+qgxVrQFaO/TxsrC4Is0V1sFbDwCgg=",
            "content_base64sha512": "7iaw3Ur350mqGo7jwQrpkj9hiYB3Lkc/iBml1JQODbJ6wYX4oOHV+E+IvIh/1nsUNzLDBMxfqa2Ob1f1ACio/w==",
            "content_md5": "098f6bcd4621d373cade4e832627b4f6",
            "content_sha1": "a94a8fe5ccb19ba61c4c0873d391e987982fbbd3",
            "content_sha256": "9f86d081884c7d659a2feaa0c55ad015a3bf4f1b2b0b822cd15d6c15b0f00a08",
            "content_sha512": "ee26b0dd4af7e749aa1a8ee3c10ae9923f618980772e473f8819a5d4940e0db27ac185f8a0e1d5f84f88bc887fd67b143732c304cc5fa9ad8e6f57f50028a8ff",
            "directory_permission": "0777",
            "file_permission": "0777",
            "filename": "example2.txt",
            "id": "a94a8fe5ccb19ba61c4c0873d391e987982fbbd3",
            "sensitive_content": null,
            "source": null
          }
        }
      ]
    }
  ]
}
